
Microsoft Visual Studio Solution File, Format Version 12.00
# Visual Studio 15
VisualStudioVersion = 15.0.27130.2027
MinimumVisualStudioVersion = 10.0.40219.1
Project("{FAE04EC0-301F-11D3-BF4B-00C04F79EFBC}") = "Task2", "Task2.csproj", "{FEEA4E06-C702-4170-A281-49605D980842}"
EndProject
Global
	GlobalSection(SolutionConfigurationPlatforms) = preSolution
		Debug|Any CPU = Debug|Any CPU
		Release|Any CPU = Release|Any CPU
	EndGlobalSection
	GlobalSection(ProjectConfigurationPlatforms) = postSolution
		{FEEA4E06-C702-4170-A281-49605D980842}.Debug|Any CPU.ActiveCfg = Debug|Any CPU
		{FEEA4E06-C702-4170-A281-49605D980842}.Debug|Any CPU.Build.0 = Debug|Any CPU
		{FEEA4E06-C702-4170-A281-49605D980842}.Release|Any CPU.ActiveCfg = Release|Any CPU
		{FEEA4E06-C702-4170-A281-49605D980842}.Release|Any CPU.Build.0 = Release|Any CPU
	EndGlobalSection
	GlobalSection(SolutionProperties) = preSolution
		HideSolutionNode = FALSE
	EndGlobalSection
	GlobalSection(ExtensibilityGlobals) = postSolution
		SolutionGuid = {E3F3A2F0-4CBB-4578-8B96-DE8A9B34A30D}
	EndGlobalSection
EndGlobal
