
Microsoft Visual Studio Solution File, Format Version 12.00
# Visual Studio 15
VisualStudioVersion = 15.0.27130.2010
MinimumVisualStudioVersion = 10.0.40219.1
Project("{FAE04EC0-301F-11D3-BF4B-00C04F79EFBC}") = "Task1", "Task1\Task1.csproj", "{A67144C5-9161-466B-B980-B7361A35CF2E}"
EndProject
Global
	GlobalSection(SolutionConfigurationPlatforms) = preSolution
		Debug|Any CPU = Debug|Any CPU
		Release|Any CPU = Release|Any CPU
	EndGlobalSection
	GlobalSection(ProjectConfigurationPlatforms) = postSolution
		{A67144C5-9161-466B-B980-B7361A35CF2E}.Debug|Any CPU.ActiveCfg = Debug|Any CPU
		{A67144C5-9161-466B-B980-B7361A35CF2E}.Debug|Any CPU.Build.0 = Debug|Any CPU
		{A67144C5-9161-466B-B980-B7361A35CF2E}.Release|Any CPU.ActiveCfg = Release|Any CPU
		{A67144C5-9161-466B-B980-B7361A35CF2E}.Release|Any CPU.Build.0 = Release|Any CPU
	EndGlobalSection
	GlobalSection(SolutionProperties) = preSolution
		HideSolutionNode = FALSE
	EndGlobalSection
	GlobalSection(ExtensibilityGlobals) = postSolution
		SolutionGuid = {B6D833CA-5EBA-4490-8DDC-B1131FAB8AD3}
	EndGlobalSection
EndGlobal
