
Microsoft Visual Studio Solution File, Format Version 12.00
# Visual Studio 15
VisualStudioVersion = 15.0.27130.2010
MinimumVisualStudioVersion = 10.0.40219.1
Project("{FAE04EC0-301F-11D3-BF4B-00C04F79EFBC}") = "Task2", "Task2.csproj", "{A928A6E4-7EC0-4FC0-B73A-BFB89AD0ECB1}"
EndProject
Global
	GlobalSection(SolutionConfigurationPlatforms) = preSolution
		Debug|Any CPU = Debug|Any CPU
		Release|Any CPU = Release|Any CPU
	EndGlobalSection
	GlobalSection(ProjectConfigurationPlatforms) = postSolution
		{A928A6E4-7EC0-4FC0-B73A-BFB89AD0ECB1}.Debug|Any CPU.ActiveCfg = Debug|Any CPU
		{A928A6E4-7EC0-4FC0-B73A-BFB89AD0ECB1}.Debug|Any CPU.Build.0 = Debug|Any CPU
		{A928A6E4-7EC0-4FC0-B73A-BFB89AD0ECB1}.Release|Any CPU.ActiveCfg = Release|Any CPU
		{A928A6E4-7EC0-4FC0-B73A-BFB89AD0ECB1}.Release|Any CPU.Build.0 = Release|Any CPU
	EndGlobalSection
	GlobalSection(SolutionProperties) = preSolution
		HideSolutionNode = FALSE
	EndGlobalSection
	GlobalSection(ExtensibilityGlobals) = postSolution
		SolutionGuid = {52C7F5BC-4B53-4510-AC4D-AE2611379033}
	EndGlobalSection
EndGlobal
